
Microsoft Visual Studio Solution File, Format Version 12.00
# Visual Studio Version 17
VisualStudioVersion = 17.4.33213.308
MinimumVisualStudioVersion = 10.0.40219.1
Project("{FAE04EC0-301F-11D3-BF4B-00C04F79EFBC}") = "Products_Data_View_With_EntityFramework", "Products_Data_View_With_EntityFramework\Products_Data_View_With_EntityFramework.csproj", "{A2E6F92F-6DFF-42D5-B613-DCE30FD561EB}"
EndProject
Global
	GlobalSection(SolutionConfigurationPlatforms) = preSolution
		Debug|Any CPU = Debug|Any CPU
		Release|Any CPU = Release|Any CPU
	EndGlobalSection
	GlobalSection(ProjectConfigurationPlatforms) = postSolution
		{A2E6F92F-6DFF-42D5-B613-DCE30FD561EB}.Debug|Any CPU.ActiveCfg = Debug|Any CPU
		{A2E6F92F-6DFF-42D5-B613-DCE30FD561EB}.Debug|Any CPU.Build.0 = Debug|Any CPU
		{A2E6F92F-6DFF-42D5-B613-DCE30FD561EB}.Release|Any CPU.ActiveCfg = Release|Any CPU
		{A2E6F92F-6DFF-42D5-B613-DCE30FD561EB}.Release|Any CPU.Build.0 = Release|Any CPU
	EndGlobalSection
	GlobalSection(SolutionProperties) = preSolution
		HideSolutionNode = FALSE
	EndGlobalSection
	GlobalSection(ExtensibilityGlobals) = postSolution
		SolutionGuid = {06183638-EC55-422A-BA2C-65D68F54E15A}
	EndGlobalSection
EndGlobal
